<?xml version="1.0" encoding="UTF-8" standalone="yes" ?>
<CodeBlocks_project_file>
	<FileVersion major="1" minor="6" />
	<Project>
		<Option title="engine" />
		<Option pch_mode="2" />
		<Option compiler="gcc" />
		<Build>
			<Target title="Debug">
				<Option output="bin/Debug/engine" prefix_auto="1" extension_auto="1" />
				<Option object_output="obj/Debug/" />
				<Option type="1" />
				<Option compiler="gcc" />
				<Compiler>
					<Add option="-g" />
				</Compiler>
			</Target>
			<Target title="Release">
				<Option output="bin/Release/engine" prefix_auto="1" extension_auto="1" />
				<Option object_output="obj/Release/" />
				<Option type="0" />
				<Option compiler="gcc" />
				<Compiler>
					<Add option="-march=prescott" />
					<Add option="-Os" />
					<Add option="-W" />
					<Add option="-fomit-frame-pointer -ffast-math" />
				</Compiler>
				<Linker>
					<Add option="-s" />
				</Linker>
			</Target>
		</Build>
		<Compiler>
			<Add option="`sdl-config --cflags`" />
		</Compiler>
		<Linker>
			<Add option="`sdl-config --libs`" />
			<Add option="-lSDL_ttf -lSDL_mixer -lSDL_image -lphysfs  -llua -lm   -lGL  -lm -lcairo" />
			<Add option="-I/usr/include" />
		</Linker>
		<Unit filename="FileIO.c">
			<Option compilerVar="CC" />
		</Unit>
		<Unit filename="FileIO.h" />
		<Unit filename="Font.c">
			<Option compilerVar="CC" />
		</Unit>
		<Unit filename="Font.h" />
		<Unit filename="Graphics/Graphics.c">
			<Option compilerVar="CC" />
		</Unit>
		<Unit filename="Graphics/Graphics.h" />
		<Unit filename="Graphics/image.c">
			<Option compilerVar="CC" />
		</Unit>
		<Unit filename="Graphics/init.c">
			<Option compilerVar="CC" />
		</Unit>
		<Unit filename="Graphics/primitives.c">
			<Option compilerVar="CC" />
		</Unit>
		<Unit filename="Keyboard.c">
			<Option compilerVar="CC" />
		</Unit>
		<Unit filename="Keyboard.h" />
		<Unit filename="Macros.c">
			<Option compilerVar="CC" />
		</Unit>
		<Unit filename="Macros.h" />
		<Unit filename="Main.c">
			<Option compilerVar="CC" />
		</Unit>
		<Unit filename="Main.h" />
		<Unit filename="Mouse.c">
			<Option compilerVar="CC" />
		</Unit>
		<Unit filename="Mouse.h" />
		<Unit filename="SOIL/SOIL.c">
			<Option compilerVar="CC" />
		</Unit>
		<Unit filename="SOIL/SOIL.h" />
		<Unit filename="SOIL/image_DXT.c">
			<Option compilerVar="CC" />
		</Unit>
		<Unit filename="SOIL/image_DXT.h" />
		<Unit filename="SOIL/image_helper.c">
			<Option compilerVar="CC" />
		</Unit>
		<Unit filename="SOIL/image_helper.h" />
		<Unit filename="SOIL/stb_image_aug.c">
			<Option compilerVar="CC" />
		</Unit>
		<Unit filename="SOIL/stb_image_aug.h" />
		<Unit filename="SOIL/stbi_DDS_aug.h" />
		<Unit filename="SOIL/stbi_DDS_aug_c.h" />
		<Unit filename="Sound.c">
			<Option compilerVar="CC" />
		</Unit>
		<Unit filename="Sound.h" />
		<Unit filename="version.h">
			<Option target="Release" />
		</Unit>
		<Extensions>
			<AutoVersioning>
				<Scheme minor_max="10" build_max="0" rev_max="0" rev_rand_max="10" build_times_to_increment_minor="100" />
				<Settings autoincrement="1" date_declarations="1" do_auto_increment="0" ask_to_increment="0" language="C++" svn="0" svn_directory="" header_path="version.h" />
				<Changes_Log show_changes_editor="0" app_title="released version %M.%m.%b of %p" changeslog_path="ChangesLog.txt" />
			</AutoVersioning>
			<envvars />
			<code_completion />
			<debugger />
		</Extensions>
	</Project>
</CodeBlocks_project_file>
